{
  "name": "static",
  "version": "1.0.0",
  "lockfileVersion": 2,
  "requires": true,
  "packages": {
    "": {
      "version": "1.0.0",
      "license": "ISC",
      "dependencies": {
        "bootstrap": "^4.5.3",
        "cropper": "^4.1.0",
        "font-awesome": "^4.7.0",
        "jdenticon": "^3.0.1",
        "jquery": "^3.5.1",
        "jquery-cropper": "^1.0.1"
      }
    },
    "node_modules/@types/node": {
      "version": "14.14.10",
      "resolved": "https://registry.npmjs.org/@types/node/-/node-14.14.10.tgz",
      "integrity": "sha512-J32dgx2hw8vXrSbu4ZlVhn1Nm3GbeCFNw2FWL8S5QKucHGY0cyNwjdQdO+KMBZ4wpmC7KhLCiNsdk1RFRIYUQQ=="
    },
    "node_modules/bootstrap": {
      "version": "4.5.3",
      "resolved": "https://registry.npmjs.org/bootstrap/-/bootstrap-4.5.3.tgz",
      "integrity": "sha512-o9ppKQioXGqhw8Z7mah6KdTYpNQY//tipnkxppWhPbiSWdD+1raYsnhwEZjkTHYbGee4cVQ0Rx65EhOY/HNLcQ=="
    },
    "node_modules/canvas-renderer": {
      "version": "2.2.0",
      "resolved": "https://registry.npmjs.org/canvas-renderer/-/canvas-renderer-2.2.0.tgz",
      "integrity": "sha512-Itdq9pwXcs4IbbkRCXc7reeGBk6i6tlDtZTjE1yc+KvYkx1Mt3WLf6tidZ/Ixbm7Vmi+jpWKG0dRBor67x9yGw==",
      "dependencies": {
        "@types/node": "*"
      }
    },
    "node_modules/cropper": {
      "version": "4.1.0",
      "resolved": "https://registry.npmjs.org/cropper/-/cropper-4.1.0.tgz",
      "integrity": "sha512-dNbkWNT606oMgRQ2aYMerDnPpSVLBMTWyERDHsDwih1ahJiVpyfSM9ev/n6G4ElfRG8t0shUZ5FXLg7YtmDdBQ==",
      "dependencies": {
        "cropperjs": "^1.5.6"
      },
      "peerDependencies": {
        "jquery": ">=1.9.1"
      }
    },
    "node_modules/cropperjs": {
      "version": "1.5.11",
      "resolved": "https://registry.npmjs.org/cropperjs/-/cropperjs-1.5.11.tgz",
      "integrity": "sha512-SJUeBBhtNBnnn+UrLKluhFRIXLJn7XFPv8QN1j49X5t+BIMwkgvDev541f96bmu8Xe0TgCx3gON22KmY/VddaA=="
    },
    "node_modules/font-awesome": {
      "version": "4.7.0",
      "resolved": "https://registry.npmjs.org/font-awesome/-/font-awesome-4.7.0.tgz",
      "integrity": "sha1-j6jPBBGhoxr9B7BtKQK7n8gVoTM=",
      "engines": {
        "node": ">=0.10.3"
      }
    },
    "node_modules/jdenticon": {
      "version": "3.0.1",
      "resolved": "https://registry.npmjs.org/jdenticon/-/jdenticon-3.0.1.tgz",
      "integrity": "sha512-6Bh9FSmh2NEZsa3gWlcQgWgdIuXudT/Q34N9A/05qUtPyJ34rYZuk2v7AVxR+1FPdgNmy4JpGj1u2wH63sCCrw==",
      "dependencies": {
        "canvas-renderer": "~2.2.0"
      },
      "bin": {
        "jdenticon": "bin/jdenticon.js"
      },
      "engines": {
        "node": ">=6.4.0"
      }
    },
    "node_modules/jquery": {
      "version": "3.5.1",
      "resolved": "https://registry.npmjs.org/jquery/-/jquery-3.5.1.tgz",
      "integrity": "sha512-XwIBPqcMn57FxfT+Go5pzySnm4KWkT1Tv7gjrpT1srtf8Weynl6R273VJ5GjkRb51IzMp5nbaPjJXMWeju2MKg=="
    },
    "node_modules/jquery-cropper": {
      "version": "1.0.1",
      "resolved": "https://registry.npmjs.org/jquery-cropper/-/jquery-cropper-1.0.1.tgz",
      "integrity": "sha512-KGlY8b0IJQi2Bxe3lqMKmd5Z2Ce4GrnDE5O8Iciza9xCzXISkL6EqX/jFHwnLL1H6Q4FGjoRguuv3lxezsbKJQ==",
      "peerDependencies": {
        "cropperjs": ">=1.0.0",
        "jquery": ">=1.9.1"
      }
    }
  },
  "dependencies": {
    "@types/node": {
      "version": "14.14.10",
      "resolved": "https://registry.npmjs.org/@types/node/-/node-14.14.10.tgz",
      "integrity": "sha512-J32dgx2hw8vXrSbu4ZlVhn1Nm3GbeCFNw2FWL8S5QKucHGY0cyNwjdQdO+KMBZ4wpmC7KhLCiNsdk1RFRIYUQQ=="
    },
    "bootstrap": {
      "version": "4.5.3",
      "resolved": "https://registry.npmjs.org/bootstrap/-/bootstrap-4.5.3.tgz",
      "integrity": "sha512-o9ppKQioXGqhw8Z7mah6KdTYpNQY//tipnkxppWhPbiSWdD+1raYsnhwEZjkTHYbGee4cVQ0Rx65EhOY/HNLcQ=="
    },
    "canvas-renderer": {
      "version": "2.2.0",
      "resolved": "https://registry.npmjs.org/canvas-renderer/-/canvas-renderer-2.2.0.tgz",
      "integrity": "sha512-Itdq9pwXcs4IbbkRCXc7reeGBk6i6tlDtZTjE1yc+KvYkx1Mt3WLf6tidZ/Ixbm7Vmi+jpWKG0dRBor67x9yGw==",
      "requires": {
        "@types/node": "*"
      }
    },
    "cropper": {
      "version": "4.1.0",
      "resolved": "https://registry.npmjs.org/cropper/-/cropper-4.1.0.tgz",
      "integrity": "sha512-dNbkWNT606oMgRQ2aYMerDnPpSVLBMTWyERDHsDwih1ahJiVpyfSM9ev/n6G4ElfRG8t0shUZ5FXLg7YtmDdBQ==",
      "requires": {
        "cropperjs": "^1.5.6"
      }
    },
    "cropperjs": {
      "version": "1.5.11",
      "resolved": "https://registry.npmjs.org/cropperjs/-/cropperjs-1.5.11.tgz",
      "integrity": "sha512-SJUeBBhtNBnnn+UrLKluhFRIXLJn7XFPv8QN1j49X5t+BIMwkgvDev541f96bmu8Xe0TgCx3gON22KmY/VddaA=="
    },
    "font-awesome": {
      "version": "4.7.0",
      "resolved": "https://registry.npmjs.org/font-awesome/-/font-awesome-4.7.0.tgz",
      "integrity": "sha1-j6jPBBGhoxr9B7BtKQK7n8gVoTM="
    },
    "jdenticon": {
      "version": "3.0.1",
      "resolved": "https://registry.npmjs.org/jdenticon/-/jdenticon-3.0.1.tgz",
      "integrity": "sha512-6Bh9FSmh2NEZsa3gWlcQgWgdIuXudT/Q34N9A/05qUtPyJ34rYZuk2v7AVxR+1FPdgNmy4JpGj1u2wH63sCCrw==",
      "requires": {
        "canvas-renderer": "~2.2.0"
      }
    },
    "jquery": {
      "version": "3.5.1",
      "resolved": "https://registry.npmjs.org/jquery/-/jquery-3.5.1.tgz",
      "integrity": "sha512-XwIBPqcMn57FxfT+Go5pzySnm4KWkT1Tv7gjrpT1srtf8Weynl6R273VJ5GjkRb51IzMp5nbaPjJXMWeju2MKg=="
    },
    "jquery-cropper": {
      "version": "1.0.1",
      "resolved": "https://registry.npmjs.org/jquery-cropper/-/jquery-cropper-1.0.1.tgz",
      "integrity": "sha512-KGlY8b0IJQi2Bxe3lqMKmd5Z2Ce4GrnDE5O8Iciza9xCzXISkL6EqX/jFHwnLL1H6Q4FGjoRguuv3lxezsbKJQ==",
      "requires": {}
    }
  }
}
